// !$*UTF8*$!
{
	archiveVersion = 1;
	classes = {
	};
	objectVersion = 46;
	objects = {

/* Begin PBXBuildFile section */
		451C06921B45650B00636220 /* Analytics.swift in Sources */ = {isa = PBXBuildFile; fileRef = 451C06911B45650B00636220 /* Analytics.swift */; };
		4591579B1B3EF37C00F52CA7 /* DeviceOperationQueue.swift in Sources */ = {isa = PBXBuildFile; fileRef = 4591579A1B3EF37C00F52CA7 /* DeviceOperationQueue.swift */; };
		459B81AE1B15AEB600A9714C /* Device.swift in Sources */ = {isa = PBXBuildFile; fileRef = 459B81AD1B15AEB600A9714C /* Device.swift */; };
		45A4B8ED1B0C233E0089A469 /* BoundingBoxView.swift in Sources */ = {isa = PBXBuildFile; fileRef = 45A4B8EC1B0C233E0089A469 /* BoundingBoxView.swift */; };
		45A4B8EF1B0C23EE0089A469 /* DeviceViewController.swift in Sources */ = {isa = PBXBuildFile; fileRef = 45A4B8EE1B0C23EE0089A469 /* DeviceViewController.swift */; };
		45A4B8F11B0C25350089A469 /* QRScanViewController.swift in Sources */ = {isa = PBXBuildFile; fileRef = 45A4B8F01B0C25350089A469 /* QRScanViewController.swift */; };
		45A4B8F31B0C25BD0089A469 /* MainViewController.swift in Sources */ = {isa = PBXBuildFile; fileRef = 45A4B8F21B0C25BD0089A469 /* MainViewController.swift */; };
		45A4B8F51B0C31080089A469 /* ConfigViewController.swift in Sources */ = {isa = PBXBuildFile; fileRef = 45A4B8F41B0C31080089A469 /* ConfigViewController.swift */; };
		45AE73D41B0BA72400DC3B90 /* AppDelegate.swift in Sources */ = {isa = PBXBuildFile; fileRef = 45AE73D31B0BA72400DC3B90 /* AppDelegate.swift */; };
		45AE73D91B0BA72400DC3B90 /* Main.storyboard in Resources */ = {isa = PBXBuildFile; fileRef = 45AE73D71B0BA72400DC3B90 /* Main.storyboard */; };
		45AE73DB1B0BA72400DC3B90 /* Images.xcassets in Resources */ = {isa = PBXBuildFile; fileRef = 45AE73DA1B0BA72400DC3B90 /* Images.xcassets */; };
		45C26BFD1B1884A20059D4FF /* Bolts.framework in Frameworks */ = {isa = PBXBuildFile; fileRef = 45C26BFB1B1884A20059D4FF /* Bolts.framework */; };
		45C26BFE1B1884A20059D4FF /* Parse.framework in Frameworks */ = {isa = PBXBuildFile; fileRef = 45C26BFC1B1884A20059D4FF /* Parse.framework */; };
		45C26C001B1884E40059D4FF /* CFNetwork.framework in Frameworks */ = {isa = PBXBuildFile; fileRef = 45C26BFF1B1884E40059D4FF /* CFNetwork.framework */; };
		45C26C0B1B1885530059D4FF /* AudioToolbox.framework in Frameworks */ = {isa = PBXBuildFile; fileRef = 45C26C011B1885530059D4FF /* AudioToolbox.framework */; };
		45C26C0C1B1885530059D4FF /* CoreGraphics.framework in Frameworks */ = {isa = PBXBuildFile; fileRef = 45C26C021B1885530059D4FF /* CoreGraphics.framework */; };
		45C26C0D1B1885530059D4FF /* CoreLocation.framework in Frameworks */ = {isa = PBXBuildFile; fileRef = 45C26C031B1885530059D4FF /* CoreLocation.framework */; };
		45C26C0E1B1885530059D4FF /* libsqlite3.dylib in Frameworks */ = {isa = PBXBuildFile; fileRef = 45C26C041B1885530059D4FF /* libsqlite3.dylib */; };
		45C26C0F1B1885530059D4FF /* libz.dylib in Frameworks */ = {isa = PBXBuildFile; fileRef = 45C26C051B1885530059D4FF /* libz.dylib */; };
		45C26C101B1885530059D4FF /* MobileCoreServices.framework in Frameworks */ = {isa = PBXBuildFile; fileRef = 45C26C061B1885530059D4FF /* MobileCoreServices.framework */; };
		45C26C111B1885530059D4FF /* QuartzCore.framework in Frameworks */ = {isa = PBXBuildFile; fileRef = 45C26C071B1885530059D4FF /* QuartzCore.framework */; };
		45C26C121B1885530059D4FF /* Security.framework in Frameworks */ = {isa = PBXBuildFile; fileRef = 45C26C081B1885530059D4FF /* Security.framework */; };
		45C26C141B1885530059D4FF /* SystemConfiguration.framework in Frameworks */ = {isa = PBXBuildFile; fileRef = 45C26C0A1B1885530059D4FF /* SystemConfiguration.framework */; };
/* End PBXBuildFile section */

/* Begin PBXContainerItemProxy section */
		45AE73E41B0BA72400DC3B90 /* PBXContainerItemProxy */ = {
			isa = PBXContainerItemProxy;
			containerPortal = 45AE73C61B0BA72400DC3B90 /* Project object */;
			proxyType = 1;
			remoteGlobalIDString = 45AE73CD1B0BA72400DC3B90;
			remoteInfo = SwitchPal;
		};
/* End PBXContainerItemProxy section */

/* Begin PBXFileReference section */
		451C06911B45650B00636220 /* Analytics.swift */ = {isa = PBXFileReference; fileEncoding = 4; lastKnownFileType = sourcecode.swift; path = Analytics.swift; sourceTree = "<group>"; };
		4591579A1B3EF37C00F52CA7 /* DeviceOperationQueue.swift */ = {isa = PBXFileReference; fileEncoding = 4; lastKnownFileType = sourcecode.swift; path = DeviceOperationQueue.swift; sourceTree = "<group>"; };
		459B81AD1B15AEB600A9714C /* Device.swift */ = {isa = PBXFileReference; fileEncoding = 4; lastKnownFileType = sourcecode.swift; path = Device.swift; sourceTree = "<group>"; };
		45A4B8EC1B0C233E0089A469 /* BoundingBoxView.swift */ = {isa = PBXFileReference; fileEncoding = 4; lastKnownFileType = sourcecode.swift; path = BoundingBoxView.swift; sourceTree = "<group>"; };
		45A4B8EE1B0C23EE0089A469 /* DeviceViewController.swift */ = {isa = PBXFileReference; fileEncoding = 4; lastKnownFileType = sourcecode.swift; path = DeviceViewController.swift; sourceTree = "<group>"; };
		45A4B8F01B0C25350089A469 /* QRScanViewController.swift */ = {isa = PBXFileReference; fileEncoding = 4; lastKnownFileType = sourcecode.swift; path = QRScanViewController.swift; sourceTree = "<group>"; };
		45A4B8F21B0C25BD0089A469 /* MainViewController.swift */ = {isa = PBXFileReference; fileEncoding = 4; lastKnownFileType = sourcecode.swift; path = MainViewController.swift; sourceTree = "<group>"; };
		45A4B8F41B0C31080089A469 /* ConfigViewController.swift */ = {isa = PBXFileReference; fileEncoding = 4; lastKnownFileType = sourcecode.swift; path = ConfigViewController.swift; sourceTree = "<group>"; };
		45AE73CE1B0BA72400DC3B90 /* CoolerPal.app */ = {isa = PBXFileReference; explicitFileType = wrapper.application; includeInIndex = 0; path = CoolerPal.app; sourceTree = BUILT_PRODUCTS_DIR; };
		45AE73D21B0BA72400DC3B90 /* Info.plist */ = {isa = PBXFileReference; lastKnownFileType = text.plist.xml; path = Info.plist; sourceTree = "<group>"; };
		45AE73D31B0BA72400DC3B90 /* AppDelegate.swift */ = {isa = PBXFileReference; lastKnownFileType = sourcecode.swift; path = AppDelegate.swift; sourceTree = "<group>"; };
		45AE73D81B0BA72400DC3B90 /* Base */ = {isa = PBXFileReference; lastKnownFileType = file.storyboard; name = Base; path = Base.lproj/Main.storyboard; sourceTree = "<group>"; };
		45AE73DA1B0BA72400DC3B90 /* Images.xcassets */ = {isa = PBXFileReference; lastKnownFileType = folder.assetcatalog; path = Images.xcassets; sourceTree = "<group>"; };
		45AE73E31B0BA72400DC3B90 /* CoolerPalTests.xctest */ = {isa = PBXFileReference; explicitFileType = wrapper.cfbundle; includeInIndex = 0; path = CoolerPalTests.xctest; sourceTree = BUILT_PRODUCTS_DIR; };
		45C26BFB1B1884A20059D4FF /* Bolts.framework */ = {isa = PBXFileReference; lastKnownFileType = wrapper.framework; name = Bolts.framework; path = Frameworks/Bolts.framework; sourceTree = "<group>"; };
		45C26BFC1B1884A20059D4FF /* Parse.framework */ = {isa = PBXFileReference; lastKnownFileType = wrapper.framework; name = Parse.framework; path = Frameworks/Parse.framework; sourceTree = "<group>"; };
		45C26BFF1B1884E40059D4FF /* CFNetwork.framework */ = {isa = PBXFileReference; lastKnownFileType = wrapper.framework; name = CFNetwork.framework; path = System/Library/Frameworks/CFNetwork.framework; sourceTree = SDKROOT; };
		45C26C011B1885530059D4FF /* AudioToolbox.framework */ = {isa = PBXFileReference; lastKnownFileType = wrapper.framework; name = AudioToolbox.framework; path = System/Library/Frameworks/AudioToolbox.framework; sourceTree = SDKROOT; };
		45C26C021B1885530059D4FF /* CoreGraphics.framework */ = {isa = PBXFileReference; lastKnownFileType = wrapper.framework; name = CoreGraphics.framework; path = System/Library/Frameworks/CoreGraphics.framework; sourceTree = SDKROOT; };
		45C26C031B1885530059D4FF /* CoreLocation.framework */ = {isa = PBXFileReference; lastKnownFileType = wrapper.framework; name = CoreLocation.framework; path = System/Library/Frameworks/CoreLocation.framework; sourceTree = SDKROOT; };
		45C26C041B1885530059D4FF /* libsqlite3.dylib */ = {isa = PBXFileReference; lastKnownFileType = "compiled.mach-o.dylib"; name = libsqlite3.dylib; path = usr/lib/libsqlite3.dylib; sourceTree = SDKROOT; };
		45C26C051B1885530059D4FF /* libz.dylib */ = {isa = PBXFileReference; lastKnownFileType = "compiled.mach-o.dylib"; name = libz.dylib; path = usr/lib/libz.dylib; sourceTree = SDKROOT; };
		45C26C061B1885530059D4FF /* MobileCoreServices.framework */ = {isa = PBXFileReference; lastKnownFileType = wrapper.framework; name = MobileCoreServices.framework; path = System/Library/Frameworks/MobileCoreServices.framework; sourceTree = SDKROOT; };
		45C26C071B1885530059D4FF /* QuartzCore.framework */ = {isa = PBXFileReference; lastKnownFileType = wrapper.framework; name = QuartzCore.framework; path = System/Library/Frameworks/QuartzCore.framework; sourceTree = SDKROOT; };
		45C26C081B1885530059D4FF /* Security.framework */ = {isa = PBXFileReference; lastKnownFileType = wrapper.framework; name = Security.framework; path = System/Library/Frameworks/Security.framework; sourceTree = SDKROOT; };
		45C26C0A1B1885530059D4FF /* SystemConfiguration.framework */ = {isa = PBXFileReference; lastKnownFileType = wrapper.framework; name = SystemConfiguration.framework; path = System/Library/Frameworks/SystemConfiguration.framework; sourceTree = SDKROOT; };
/* End PBXFileReference section */

/* Begin PBXFrameworksBuildPhase section */
		45AE73CB1B0BA72400DC3B90 /* Frameworks */ = {
			isa = PBXFrameworksBuildPhase;
			buildActionMask = 2147483647;
			files = (
				45C26C0B1B1885530059D4FF /* AudioToolbox.framework in Frameworks */,
				45C26C0C1B1885530059D4FF /* CoreGraphics.framework in Frameworks */,
				45C26C0D1B1885530059D4FF /* CoreLocation.framework in Frameworks */,
				45C26C0E1B1885530059D4FF /* libsqlite3.dylib in Frameworks */,
				45C26C0F1B1885530059D4FF /* libz.dylib in Frameworks */,
				45C26C101B1885530059D4FF /* MobileCoreServices.framework in Frameworks */,
				45C26C111B1885530059D4FF /* QuartzCore.framework in Frameworks */,
				45C26C121B1885530059D4FF /* Security.framework in Frameworks */,
				45C26C141B1885530059D4FF /* SystemConfiguration.framework in Frameworks */,
				45C26C001B1884E40059D4FF /* CFNetwork.framework in Frameworks */,
				45C26BFE1B1884A20059D4FF /* Parse.framework in Frameworks */,
				45C26BFD1B1884A20059D4FF /* Bolts.framework in Frameworks */,
			);
			runOnlyForDeploymentPostprocessing = 0;
		};
		45AE73E01B0BA72400DC3B90 /* Frameworks */ = {
			isa = PBXFrameworksBuildPhase;
			buildActionMask = 2147483647;
			files = (
			);
			runOnlyForDeploymentPostprocessing = 0;
		};
/* End PBXFrameworksBuildPhase section */

/* Begin PBXGroup section */
		45A4B8F61B0C34A20089A469 /* Scene */ = {
			isa = PBXGroup;
			children = (
				45A4B8F21B0C25BD0089A469 /* MainViewController.swift */,
				45A4B8F01B0C25350089A469 /* QRScanViewController.swift */,
				45A4B8EE1B0C23EE0089A469 /* DeviceViewController.swift */,
				45A4B8F41B0C31080089A469 /* ConfigViewController.swift */,
			);
			name = Scene;
			sourceTree = "<group>";
		};
		45A4B8F71B0C34BD0089A469 /* Utils */ = {
			isa = PBXGroup;
			children = (
				459B81AD1B15AEB600A9714C /* Device.swift */,
				45A4B8EC1B0C233E0089A469 /* BoundingBoxView.swift */,
				4591579A1B3EF37C00F52CA7 /* DeviceOperationQueue.swift */,
				451C06911B45650B00636220 /* Analytics.swift */,
			);
			name = Utils;
			sourceTree = "<group>";
		};
		45AE73C51B0BA72400DC3B90 = {
			isa = PBXGroup;
			children = (
				45AE73D01B0BA72400DC3B90 /* SwitchPal */,
				45C26BF61B1883D20059D4FF /* Frameworks */,
				45AE73CF1B0BA72400DC3B90 /* Products */,
			);
			sourceTree = "<group>";
		};
		45AE73CF1B0BA72400DC3B90 /* Products */ = {
			isa = PBXGroup;
			children = (
				45AE73CE1B0BA72400DC3B90 /* CoolerPal.app */,
				45AE73E31B0BA72400DC3B90 /* CoolerPalTests.xctest */,
			);
			name = Products;
			sourceTree = "<group>";
		};
		45AE73D01B0BA72400DC3B90 /* SwitchPal */ = {
			isa = PBXGroup;
			children = (
				45A4B8F71B0C34BD0089A469 /* Utils */,
				45A4B8F61B0C34A20089A469 /* Scene */,
				45AE73D31B0BA72400DC3B90 /* AppDelegate.swift */,
				45AE73D71B0BA72400DC3B90 /* Main.storyboard */,
				45AE73DA1B0BA72400DC3B90 /* Images.xcassets */,
				45AE73D11B0BA72400DC3B90 /* Supporting Files */,
			);
			path = SwitchPal;
			sourceTree = "<group>";
		};
		45AE73D11B0BA72400DC3B90 /* Supporting Files */ = {
			isa = PBXGroup;
			children = (
				45AE73D21B0BA72400DC3B90 /* Info.plist */,
			);
			name = "Supporting Files";
			sourceTree = "<group>";
		};
		45C26BF61B1883D20059D4FF /* Frameworks */ = {
			isa = PBXGroup;
			children = (
				45C26C011B1885530059D4FF /* AudioToolbox.framework */,
				45C26C021B1885530059D4FF /* CoreGraphics.framework */,
				45C26C031B1885530059D4FF /* CoreLocation.framework */,
				45C26C041B1885530059D4FF /* libsqlite3.dylib */,
				45C26C051B1885530059D4FF /* libz.dylib */,
				45C26C061B1885530059D4FF /* MobileCoreServices.framework */,
				45C26C071B1885530059D4FF /* QuartzCore.framework */,
				45C26C081B1885530059D4FF /* Security.framework */,
				45C26C0A1B1885530059D4FF /* SystemConfiguration.framework */,
				45C26BFF1B1884E40059D4FF /* CFNetwork.framework */,
				45C26BFB1B1884A20059D4FF /* Bolts.framework */,
				45C26BFC1B1884A20059D4FF /* Parse.framework */,
			);
			name = Frameworks;
			sourceTree = "<group>";
		};
/* End PBXGroup section */

/* Begin PBXNativeTarget section */
		45AE73CD1B0BA72400DC3B90 /* CoolerPal */ = {
			isa = PBXNativeTarget;
			buildConfigurationList = 45AE73ED1B0BA72400DC3B90 /* Build configuration list for PBXNativeTarget "CoolerPal" */;
			buildPhases = (
				45AE73CA1B0BA72400DC3B90 /* Sources */,
				45AE73CB1B0BA72400DC3B90 /* Frameworks */,
				45AE73CC1B0BA72400DC3B90 /* Resources */,
			);
			buildRules = (
			);
			dependencies = (
			);
			name = CoolerPal;
			productName = SwitchPal;
			productReference = 45AE73CE1B0BA72400DC3B90 /* CoolerPal.app */;
			productType = "com.apple.product-type.application";
		};
		45AE73E21B0BA72400DC3B90 /* CoolerPalTests */ = {
			isa = PBXNativeTarget;
			buildConfigurationList = 45AE73F01B0BA72400DC3B90 /* Build configuration list for PBXNativeTarget "CoolerPalTests" */;
			buildPhases = (
				45AE73DF1B0BA72400DC3B90 /* Sources */,
				45AE73E01B0BA72400DC3B90 /* Frameworks */,
				45AE73E11B0BA72400DC3B90 /* Resources */,
			);
			buildRules = (
			);
			dependencies = (
				45AE73E51B0BA72400DC3B90 /* PBXTargetDependency */,
			);
			name = CoolerPalTests;
			productName = SwitchPalTests;
			productReference = 45AE73E31B0BA72400DC3B90 /* CoolerPalTests.xctest */;
			productType = "com.apple.product-type.bundle.unit-test";
		};
/* End PBXNativeTarget section */

/* Begin PBXProject section */
		45AE73C61B0BA72400DC3B90 /* Project object */ = {
			isa = PBXProject;
			attributes = {
				LastSwiftUpdateCheck = 0700;
				LastUpgradeCheck = 0700;
				ORGANIZATIONNAME = SwitchPal;
				TargetAttributes = {
					45AE73CD1B0BA72400DC3B90 = {
						CreatedOnToolsVersion = 6.3.2;
						DevelopmentTeam = V79KFBF2UT;
						SystemCapabilities = {
							com.apple.InAppPurchase = {
								enabled = 0;
							};
						};
					};
					45AE73E21B0BA72400DC3B90 = {
						CreatedOnToolsVersion = 6.3.2;
						TestTargetID = 45AE73CD1B0BA72400DC3B90;
					};
				};
			};
			buildConfigurationList = 45AE73C91B0BA72400DC3B90 /* Build configuration list for PBXProject "CoolerPal" */;
			compatibilityVersion = "Xcode 3.2";
			developmentRegion = English;
			hasScannedForEncodings = 0;
			knownRegions = (
				en,
				Base,
			);
			mainGroup = 45AE73C51B0BA72400DC3B90;
			productRefGroup = 45AE73CF1B0BA72400DC3B90 /* Products */;
			projectDirPath = "";
			projectRoot = "";
			targets = (
				45AE73CD1B0BA72400DC3B90 /* CoolerPal */,
				45AE73E21B0BA72400DC3B90 /* CoolerPalTests */,
			);
		};
/* End PBXProject section */

/* Begin PBXResourcesBuildPhase section */
		45AE73CC1B0BA72400DC3B90 /* Resources */ = {
			isa = PBXResourcesBuildPhase;
			buildActionMask = 2147483647;
			files = (
				45AE73D91B0BA72400DC3B90 /* Main.storyboard in Resources */,
				45AE73DB1B0BA72400DC3B90 /* Images.xcassets in Resources */,
			);
			runOnlyForDeploymentPostprocessing = 0;
		};
		45AE73E11B0BA72400DC3B90 /* Resources */ = {
			isa = PBXResourcesBuildPhase;
			buildActionMask = 2147483647;
			files = (
			);
			runOnlyForDeploymentPostprocessing = 0;
		};
/* End PBXResourcesBuildPhase section */

/* Begin PBXSourcesBuildPhase section */
		45AE73CA1B0BA72400DC3B90 /* Sources */ = {
			isa = PBXSourcesBuildPhase;
			buildActionMask = 2147483647;
			files = (
				45A4B8EF1B0C23EE0089A469 /* DeviceViewController.swift in Sources */,
				45A4B8ED1B0C233E0089A469 /* BoundingBoxView.swift in Sources */,
				45A4B8F51B0C31080089A469 /* ConfigViewController.swift in Sources */,
				4591579B1B3EF37C00F52CA7 /* DeviceOperationQueue.swift in Sources */,
				45A4B8F11B0C25350089A469 /* QRScanViewController.swift in Sources */,
				45AE73D41B0BA72400DC3B90 /* AppDelegate.swift in Sources */,
				459B81AE1B15AEB600A9714C /* Device.swift in Sources */,
				45A4B8F31B0C25BD0089A469 /* MainViewController.swift in Sources */,
				451C06921B45650B00636220 /* Analytics.swift in Sources */,
			);
			runOnlyForDeploymentPostprocessing = 0;
		};
		45AE73DF1B0BA72400DC3B90 /* Sources */ = {
			isa = PBXSourcesBuildPhase;
			buildActionMask = 2147483647;
			files = (
			);
			runOnlyForDeploymentPostprocessing = 0;
		};
/* End PBXSourcesBuildPhase section */

/* Begin PBXTargetDependency section */
		45AE73E51B0BA72400DC3B90 /* PBXTargetDependency */ = {
			isa = PBXTargetDependency;
			target = 45AE73CD1B0BA72400DC3B90 /* CoolerPal */;
			targetProxy = 45AE73E41B0BA72400DC3B90 /* PBXContainerItemProxy */;
		};
/* End PBXTargetDependency section */

/* Begin PBXVariantGroup section */
		45AE73D71B0BA72400DC3B90 /* Main.storyboard */ = {
			isa = PBXVariantGroup;
			children = (
				45AE73D81B0BA72400DC3B90 /* Base */,
			);
			name = Main.storyboard;
			sourceTree = "<group>";
		};
/* End PBXVariantGroup section */

/* Begin XCBuildConfiguration section */
		45AE73EB1B0BA72400DC3B90 /* Debug */ = {
			isa = XCBuildConfiguration;
			buildSettings = {
				ALWAYS_SEARCH_USER_PATHS = NO;
				CLANG_CXX_LANGUAGE_STANDARD = "gnu++0x";
				CLANG_CXX_LIBRARY = "libc++";
				CLANG_ENABLE_MODULES = YES;
				CLANG_ENABLE_OBJC_ARC = YES;
				CLANG_WARN_BOOL_CONVERSION = YES;
				CLANG_WARN_CONSTANT_CONVERSION = YES;
				CLANG_WARN_DIRECT_OBJC_ISA_USAGE = YES_ERROR;
				CLANG_WARN_EMPTY_BODY = YES;
				CLANG_WARN_ENUM_CONVERSION = YES;
				CLANG_WARN_INT_CONVERSION = YES;
				CLANG_WARN_OBJC_ROOT_CLASS = YES_ERROR;
				CLANG_WARN_UNREACHABLE_CODE = YES;
				CLANG_WARN__DUPLICATE_METHOD_MATCH = YES;
				"CODE_SIGN_IDENTITY[sdk=iphoneos*]" = "iPhone Developer";
				COPY_PHASE_STRIP = NO;
				DEBUG_INFORMATION_FORMAT = "dwarf-with-dsym";
				ENABLE_STRICT_OBJC_MSGSEND = YES;
				ENABLE_TESTABILITY = YES;
				GCC_C_LANGUAGE_STANDARD = gnu99;
				GCC_DYNAMIC_NO_PIC = NO;
				GCC_NO_COMMON_BLOCKS = YES;
				GCC_OPTIMIZATION_LEVEL = 0;
				GCC_PREPROCESSOR_DEFINITIONS = (
					"DEBUG=1",
					"$(inherited)",
				);
				GCC_SYMBOLS_PRIVATE_EXTERN = NO;
				GCC_WARN_64_TO_32_BIT_CONVERSION = YES;
				GCC_WARN_ABOUT_RETURN_TYPE = YES_ERROR;
				GCC_WARN_UNDECLARED_SELECTOR = YES;
				GCC_WARN_UNINITIALIZED_AUTOS = YES_AGGRESSIVE;
				GCC_WARN_UNUSED_FUNCTION = YES;
				GCC_WARN_UNUSED_VARIABLE = YES;
				IPHONEOS_DEPLOYMENT_TARGET = 8.3;
				MTL_ENABLE_DEBUG_INFO = YES;
				ONLY_ACTIVE_ARCH = YES;
				SDKROOT = iphoneos;
				SWIFT_OPTIMIZATION_LEVEL = "-Onone";
				TARGETED_DEVICE_FAMILY = "1,2";
			};
			name = Debug;
		};
		45AE73EC1B0BA72400DC3B90 /* Release */ = {
			isa = XCBuildConfiguration;
			buildSettings = {
				ALWAYS_SEARCH_USER_PATHS = NO;
				CLANG_CXX_LANGUAGE_STANDARD = "gnu++0x";
				CLANG_CXX_LIBRARY = "libc++";
				CLANG_ENABLE_MODULES = YES;
				CLANG_ENABLE_OBJC_ARC = YES;
				CLANG_WARN_BOOL_CONVERSION = YES;
				CLANG_WARN_CONSTANT_CONVERSION = YES;
				CLANG_WARN_DIRECT_OBJC_ISA_USAGE = YES_ERROR;
				CLANG_WARN_EMPTY_BODY = YES;
				CLANG_WARN_ENUM_CONVERSION = YES;
				CLANG_WARN_INT_CONVERSION = YES;
				CLANG_WARN_OBJC_ROOT_CLASS = YES_ERROR;
				CLANG_WARN_UNREACHABLE_CODE = YES;
				CLANG_WARN__DUPLICATE_METHOD_MATCH = YES;
				"CODE_SIGN_IDENTITY[sdk=iphoneos*]" = "iPhone Developer";
				COPY_PHASE_STRIP = NO;
				DEBUG_INFORMATION_FORMAT = "dwarf-with-dsym";
				ENABLE_NS_ASSERTIONS = NO;
				ENABLE_STRICT_OBJC_MSGSEND = YES;
				GCC_C_LANGUAGE_STANDARD = gnu99;
				GCC_NO_COMMON_BLOCKS = YES;
				GCC_WARN_64_TO_32_BIT_CONVERSION = YES;
				GCC_WARN_ABOUT_RETURN_TYPE = YES_ERROR;
				GCC_WARN_UNDECLARED_SELECTOR = YES;
				GCC_WARN_UNINITIALIZED_AUTOS = YES_AGGRESSIVE;
				GCC_WARN_UNUSED_FUNCTION = YES;
				GCC_WARN_UNUSED_VARIABLE = YES;
				IPHONEOS_DEPLOYMENT_TARGET = 8.3;
				MTL_ENABLE_DEBUG_INFO = NO;
				SDKROOT = iphoneos;
				TARGETED_DEVICE_FAMILY = "1,2";
				VALIDATE_PRODUCT = YES;
			};
			name = Release;
		};
		45AE73EE1B0BA72400DC3B90 /* Debug */ = {
			isa = XCBuildConfiguration;
			buildSettings = {
				ASSETCATALOG_COMPILER_APPICON_NAME = AppIcon;
				CODE_SIGN_IDENTITY = "iPhone Developer";
				"CODE_SIGN_IDENTITY[sdk=iphoneos*]" = "iPhone Developer";
				FRAMEWORK_SEARCH_PATHS = (
					"$(inherited)",
					"$(PROJECT_DIR)",
					"$(PROJECT_DIR)/Frameworks",
				);
				INFOPLIST_FILE = SwitchPal/Info.plist;
				IPHONEOS_DEPLOYMENT_TARGET = 8.0;
				LD_RUNPATH_SEARCH_PATHS = "$(inherited) @executable_path/Frameworks";
				PRODUCT_BUNDLE_IDENTIFIER = "com.getswitchpal.ios.$(PRODUCT_NAME:rfc1034identifier)";
				PRODUCT_NAME = CoolerPal;
				PROVISIONING_PROFILE = "";
				TARGETED_DEVICE_FAMILY = "1,2";
			};
			name = Debug;
		};
		45AE73EF1B0BA72400DC3B90 /* Release */ = {
			isa = XCBuildConfiguration;
			buildSettings = {
				ASSETCATALOG_COMPILER_APPICON_NAME = AppIcon;
				CODE_SIGN_IDENTITY = "iPhone Developer";
				"CODE_SIGN_IDENTITY[sdk=iphoneos*]" = "iPhone Developer";
				FRAMEWORK_SEARCH_PATHS = (
					"$(inherited)",
					"$(PROJECT_DIR)",
					"$(PROJECT_DIR)/Frameworks",
				);
				INFOPLIST_FILE = SwitchPal/Info.plist;
				IPHONEOS_DEPLOYMENT_TARGET = 8.0;
				LD_RUNPATH_SEARCH_PATHS = "$(inherited) @executable_path/Frameworks";
				PRODUCT_BUNDLE_IDENTIFIER = "com.getswitchpal.ios.$(PRODUCT_NAME:rfc1034identifier)";
				PRODUCT_NAME = CoolerPal;
				PROVISIONING_PROFILE = "";
				TARGETED_DEVICE_FAMILY = "1,2";
			};
			name = Release;
		};
		45AE73F11B0BA72400DC3B90 /* Debug */ = {
			isa = XCBuildConfiguration;
			buildSettings = {
				BUNDLE_LOADER = "$(TEST_HOST)";
				FRAMEWORK_SEARCH_PATHS = (
					"$(SDKROOT)/Developer/Library/Frameworks",
					"$(inherited)",
				);
				GCC_PREPROCESSOR_DEFINITIONS = (
					"DEBUG=1",
					"$(inherited)",
				);
				INFOPLIST_FILE = SwitchPalTests/Info.plist;
				LD_RUNPATH_SEARCH_PATHS = "$(inherited) @executable_path/Frameworks @loader_path/Frameworks";
				PRODUCT_BUNDLE_IDENTIFIER = "com.switchpal.ios.$(PRODUCT_NAME:rfc1034identifier)";
				PRODUCT_NAME = CoolerPalTests;
				TEST_HOST = "$(BUILT_PRODUCTS_DIR)/SwitchPal.app/SwitchPal";
			};
			name = Debug;
		};
		45AE73F21B0BA72400DC3B90 /* Release */ = {
			isa = XCBuildConfiguration;
			buildSettings = {
				BUNDLE_LOADER = "$(TEST_HOST)";
				FRAMEWORK_SEARCH_PATHS = (
					"$(SDKROOT)/Developer/Library/Frameworks",
					"$(inherited)",
				);
				INFOPLIST_FILE = SwitchPalTests/Info.plist;
				LD_RUNPATH_SEARCH_PATHS = "$(inherited) @executable_path/Frameworks @loader_path/Frameworks";
				PRODUCT_BUNDLE_IDENTIFIER = "com.switchpal.ios.$(PRODUCT_NAME:rfc1034identifier)";
				PRODUCT_NAME = CoolerPalTests;
				TEST_HOST = "$(BUILT_PRODUCTS_DIR)/SwitchPal.app/SwitchPal";
			};
			name = Release;
		};
/* End XCBuildConfiguration section */

/* Begin XCConfigurationList section */
		45AE73C91B0BA72400DC3B90 /* Build configuration list for PBXProject "CoolerPal" */ = {
			isa = XCConfigurationList;
			buildConfigurations = (
				45AE73EB1B0BA72400DC3B90 /* Debug */,
				45AE73EC1B0BA72400DC3B90 /* Release */,
			);
			defaultConfigurationIsVisible = 0;
			defaultConfigurationName = Release;
		};
		45AE73ED1B0BA72400DC3B90 /* Build configuration list for PBXNativeTarget "CoolerPal" */ = {
			isa = XCConfigurationList;
			buildConfigurations = (
				45AE73EE1B0BA72400DC3B90 /* Debug */,
				45AE73EF1B0BA72400DC3B90 /* Release */,
			);
			defaultConfigurationIsVisible = 0;
			defaultConfigurationName = Release;
		};
		45AE73F01B0BA72400DC3B90 /* Build configuration list for PBXNativeTarget "CoolerPalTests" */ = {
			isa = XCConfigurationList;
			buildConfigurations = (
				45AE73F11B0BA72400DC3B90 /* Debug */,
				45AE73F21B0BA72400DC3B90 /* Release */,
			);
			defaultConfigurationIsVisible = 0;
			defaultConfigurationName = Release;
		};
/* End XCConfigurationList section */
	};
	rootObject = 45AE73C61B0BA72400DC3B90 /* Project object */;
}
